
Microsoft Visual Studio Solution File, Format Version 12.00
Project("{FAE04EC0-301F-11D3-BF4B-00C04F79EFBC}") = "CourseManagementApi", "CourseManagementApi.csproj", "{A61A3B6B-090F-4DE8-96D4-830CB798B461}"
EndProject
Global
	GlobalSection(SolutionConfigurationPlatforms) = preSolution
		Debug|Any CPU = Debug|Any CPU
		Release|Any CPU = Release|Any CPU
	EndGlobalSection
	GlobalSection(ProjectConfigurationPlatforms) = postSolution
		{A61A3B6B-090F-4DE8-96D4-830CB798B461}.Debug|Any CPU.ActiveCfg = Debug|Any CPU
		{A61A3B6B-090F-4DE8-96D4-830CB798B461}.Debug|Any CPU.Build.0 = Debug|Any CPU
		{A61A3B6B-090F-4DE8-96D4-830CB798B461}.Release|Any CPU.ActiveCfg = Release|Any CPU
		{A61A3B6B-090F-4DE8-96D4-830CB798B461}.Release|Any CPU.Build.0 = Release|Any CPU
	EndGlobalSection
EndGlobal
